
Microsoft Visual Studio Solution File, Format Version 12.00
# Visual Studio Version 16
VisualStudioVersion = 25.0.1705.2
MinimumVisualStudioVersion = 10.0.40219.1
Project("{FAE04EC0-301F-11D3-BF4B-00C04F79EFBC}") = "Test App v2", "Test App v2\Test App v2.csproj", "{BEA90A7D-A559-4431-9266-AA35C28DF736}"
EndProject
Global
	GlobalSection(SolutionConfigurationPlatforms) = preSolution
		Debug|Any CPU = Debug|Any CPU
		Release|Any CPU = Release|Any CPU
	EndGlobalSection
	GlobalSection(ProjectConfigurationPlatforms) = postSolution
		{BEA90A7D-A559-4431-9266-AA35C28DF736}.Debug|Any CPU.ActiveCfg = Debug|Any CPU
		{BEA90A7D-A559-4431-9266-AA35C28DF736}.Debug|Any CPU.Build.0 = Debug|Any CPU
		{BEA90A7D-A559-4431-9266-AA35C28DF736}.Release|Any CPU.ActiveCfg = Release|Any CPU
		{BEA90A7D-A559-4431-9266-AA35C28DF736}.Release|Any CPU.Build.0 = Release|Any CPU
	EndGlobalSection
	GlobalSection(SolutionProperties) = preSolution
		HideSolutionNode = FALSE
	EndGlobalSection
	GlobalSection(ExtensibilityGlobals) = postSolution
		SolutionGuid = {5D5D2C1A-7783-477C-8E83-71F42F311F47}
	EndGlobalSection
EndGlobal
